
Microsoft Visual Studio Solution File, Format Version 12.00
Project("{FAE04EC0-301F-11D3-BF4B-00C04F79EFBC}") = "TimeTracker.WEBAPI", "TimeTracker.WEBAPI\TimeTracker.WEBAPI.csproj", "{2A7E14C9-1012-4E27-AA4E-29DA37FD127F}"
EndProject
Project("{FAE04EC0-301F-11D3-BF4B-00C04F79EFBC}") = "TimeTracker.DAL", "TimeTracker.DAL\TimeTracker.DAL.csproj", "{DD545CE6-C695-4A85-99A8-68241E39C0C7}"
EndProject
Project("{FAE04EC0-301F-11D3-BF4B-00C04F79EFBC}") = "TimeTracker.BLL", "TimeTracker.BLL\TimeTracker.BLL.csproj", "{0E8E6134-C31C-4BFB-80BE-B5046F0D1CF2}"
EndProject
Global
	GlobalSection(SolutionConfigurationPlatforms) = preSolution
		Debug|Any CPU = Debug|Any CPU
		Release|Any CPU = Release|Any CPU
	EndGlobalSection
	GlobalSection(ProjectConfigurationPlatforms) = postSolution
		{2A7E14C9-1012-4E27-AA4E-29DA37FD127F}.Debug|Any CPU.ActiveCfg = Debug|Any CPU
		{2A7E14C9-1012-4E27-AA4E-29DA37FD127F}.Debug|Any CPU.Build.0 = Debug|Any CPU
		{2A7E14C9-1012-4E27-AA4E-29DA37FD127F}.Release|Any CPU.ActiveCfg = Release|Any CPU
		{2A7E14C9-1012-4E27-AA4E-29DA37FD127F}.Release|Any CPU.Build.0 = Release|Any CPU
		{DD545CE6-C695-4A85-99A8-68241E39C0C7}.Debug|Any CPU.ActiveCfg = Debug|Any CPU
		{DD545CE6-C695-4A85-99A8-68241E39C0C7}.Debug|Any CPU.Build.0 = Debug|Any CPU
		{DD545CE6-C695-4A85-99A8-68241E39C0C7}.Release|Any CPU.ActiveCfg = Release|Any CPU
		{DD545CE6-C695-4A85-99A8-68241E39C0C7}.Release|Any CPU.Build.0 = Release|Any CPU
		{0E8E6134-C31C-4BFB-80BE-B5046F0D1CF2}.Debug|Any CPU.ActiveCfg = Debug|Any CPU
		{0E8E6134-C31C-4BFB-80BE-B5046F0D1CF2}.Debug|Any CPU.Build.0 = Debug|Any CPU
		{0E8E6134-C31C-4BFB-80BE-B5046F0D1CF2}.Release|Any CPU.ActiveCfg = Release|Any CPU
		{0E8E6134-C31C-4BFB-80BE-B5046F0D1CF2}.Release|Any CPU.Build.0 = Release|Any CPU
	EndGlobalSection
EndGlobal
